{
  "version": 1,
  "dependencies": {
    "net9.0": {
      "Blazor-ApexCharts": {
        "type": "Direct",
        "requested": "[5.0.1, )",
        "resolved": "5.0.1",
        "contentHash": "6bHx1FOjeJqEfvValeBDzG37Qc4xWi/v1Ex3EuTbcbxd3ydxWEgi4rprPY4FhNEGoBr3tHKNoiADqwbeaVD/bQ==",
        "dependencies": {
          "Microsoft.AspNetCore.Components": "8.0.10",
          "Microsoft.AspNetCore.Components.Web": "8.0.10",
          "Microsoft.Extensions.Http": "8.0.1"
        }
      },
      "Blazored.Toast": {
        "type": "Direct",
        "requested": "[4.2.1, )",
        "resolved": "4.2.1",
        "contentHash": "RuSGS8m21IejQ8EKXjZYEcCbgZEhyP7VptvyHjdRDKkJ3wxCqANKWvDxSKuExSbk1NLD1tySe8OpPYsdCeqvcw==",
        "dependencies": {
          "Microsoft.AspNetCore.Components": "8.0.2",
          "Microsoft.AspNetCore.Components.Web": "8.0.2",
          "Microsoft.Extensions.DependencyInjection.Abstractions": "8.0.0"
        }
      },
      "Microsoft.AspNetCore.Components.WebAssembly": {
        "type": "Direct",
        "requested": "[9.0.1, )",
        "resolved": "9.0.1",
        "contentHash": "ZZwox99qtrzjQMCdpEd0ZZpotxV0Vabj5+FQkja5IHa8EP6EO/LLHx9mEthdBoi56ltXsXjTpgfEGAGPHN7z+Q==",
        "dependencies": {
          "Microsoft.AspNetCore.Components.Web": "9.0.1",
          "Microsoft.Extensions.Configuration.Binder": "9.0.1",
          "Microsoft.Extensions.Configuration.Json": "9.0.1",
          "Microsoft.Extensions.Logging": "9.0.1",
          "Microsoft.JSInterop.WebAssembly": "9.0.1"
        }
      },
      "Microsoft.AspNetCore.Components.WebAssembly.Authentication": {
        "type": "Direct",
        "requested": "[9.0.1, )",
        "resolved": "9.0.1",
        "contentHash": "Wvm5AVv1vp6/Wos9dxzlb4kYNpOnYxotoxT7owTStNyLZ+TU1KQtReezyvz5vP70w9PfJCRCYUJulxXJygfjTQ==",
        "dependencies": {
          "Microsoft.AspNetCore.Components.Authorization": "9.0.1",
          "Microsoft.AspNetCore.Components.Web": "9.0.1"
        }
      },
      "Microsoft.NET.ILLink.Tasks": {
        "type": "Direct",
        "requested": "[9.0.1, )",
        "resolved": "9.0.1",
        "contentHash": "BKFAkdhUUJivAoKuSWcT23WH9E+AWQMJootzt9X+lnesOD2a2yNIe1ZQFtxB8H3ayskLBD5gYyIbj5GIfw7rZg=="
      },
      "Microsoft.NET.Sdk.WebAssembly.Pack": {
        "type": "Direct",
        "requested": "[9.0.1, )",
        "resolved": "9.0.1",
        "contentHash": "/+0fpalaBrtXNnoso2oIMi3W30+bDWe8lrXkRj6qKMKsTpDfJboxuVn+E9XDpuk2zTBqjd6ZDStD6F9KYMj7cQ=="
      },
      "Tewr.BlazorWorker.BackgroundService": {
        "type": "Direct",
        "requested": "[4.1.2, )",
        "resolved": "4.1.2",
        "contentHash": "77RX+mVC1wB8ABqy6PNeHMbBoRZThknzsMCuwX5K1zsNuDbZ/wm9GdZ58btd0PB9U5dABrfwCZNnLVbRSMbpBw==",
        "dependencies": {
          "Microsoft.JSInterop": "8.0.0",
          "Newtonsoft.Json": "13.0.3",
          "Serialize.Linq": "3.0.152",
          "Tewr.BlazorWorker.Core": "4.1.2"
        }
      },
      "FluentValidation": {
        "type": "Transitive",
        "resolved": "11.11.0",
        "contentHash": "cyIVdQBwSipxWG8MA3Rqox7iNbUNUTK5bfJi9tIdm4CAfH71Oo5ABLP4/QyrUwuakqpUEPGtE43BDddvEehuYw=="
      },
      "MessagePack": {
        "type": "Transitive",
        "resolved": "3.1.1",
        "contentHash": "nC7/arPbdsjcvDwLrdp2aJafk3Y8GbjoomvY1oFCJbODAmgURM9JVKrkIcaZSX1GOLtPSQH4/6rM/TNtSx+U4Q==",
        "dependencies": {
          "MessagePack.Annotations": "3.1.1",
          "MessagePackAnalyzer": "3.1.1",
          "Microsoft.NET.StringTools": "17.11.4"
        }
      },
      "MessagePack.Annotations": {
        "type": "Transitive",
        "resolved": "3.1.1",
        "contentHash": "z/qHzXoz+SAw8+MDZV6Woge1fWD27v+Ce+9a3AJU7FF7TmXpIvGmALsS0A83RdM0P1utLuJ8UJlhNmjpDJ4y4A=="
      },
      "Microsoft.AspNetCore.Authorization": {
        "type": "Transitive",
        "resolved": "9.0.1",
        "contentHash": "WgLlLBlMczb2+QLNG6sM95OUZ0EBztz60k/N75tjIgpyu0SdpIfYytAmX/7JJAjRTZF0c/CrWaQV+SH9FuGsrA==",
        "dependencies": {
          "Microsoft.AspNetCore.Metadata": "9.0.1",
          "Microsoft.Extensions.Logging.Abstractions": "9.0.1",
          "Microsoft.Extensions.Options": "9.0.1"
        }
      },
      "Microsoft.AspNetCore.Components": {
        "type": "Transitive",
        "resolved": "9.0.1",
        "contentHash": "6pwfbQKNtvPkbF4tCGiAKGyt6BVpu58xAXz7u2YXcUKTNmNxrymbG1mEyMc0EPzVdnquDDqTyfXM3mC1EJycxQ==",
        "dependencies": {
          "Microsoft.AspNetCore.Authorization": "9.0.1",
          "Microsoft.AspNetCore.Components.Analyzers": "9.0.1"
        }
      },
      "Microsoft.AspNetCore.Components.Analyzers": {
        "type": "Transitive",
        "resolved": "9.0.1",
        "contentHash": "I8Rs4LXT5UQxM5Nin2+Oj8aSY2heszSZ3EyTLgt3mxmfiRPrVO7D8NNSsf1voI2Gb0qFJceof/J5c9E+nfNuHw=="
      },
      "Microsoft.AspNetCore.Components.Authorization": {
        "type": "Transitive",
        "resolved": "9.0.1",
        "contentHash": "CrfhX/TAu/8x4K0l8U0GpniJs28ApWPKH3D+Uww0hRljJdwFdTXjMz4fmoEkt3PgDeXTPS5WOT5oK4HDXqkxkQ==",
        "dependencies": {
          "Microsoft.AspNetCore.Authorization": "9.0.1",
          "Microsoft.AspNetCore.Components": "9.0.1"
        }
      },
      "Microsoft.AspNetCore.Components.Forms": {
        "type": "Transitive",
        "resolved": "9.0.1",
        "contentHash": "KyULVU32bLz74LWDwPEwNUEllTehzWJuM7YAsz80rMKEzvR0K8cRjRzO0fnN/nfydMeLRRlbI0xj8wnEAymLVw==",
        "dependencies": {
          "Microsoft.AspNetCore.Components": "9.0.1"
        }
      },
      "Microsoft.AspNetCore.Components.Web": {
        "type": "Transitive",
        "resolved": "9.0.1",
        "contentHash": "LI0vjYEd9MaDZPDQxPCn4gGYDkEC5U9rp1nWZo7rPozJxgTG2zU3WERujxTi2LeAC2ZzdXlOVCrUyPQ55LZV2A==",
        "dependencies": {
          "Microsoft.AspNetCore.Components": "9.0.1",
          "Microsoft.AspNetCore.Components.Forms": "9.0.1",
          "Microsoft.Extensions.DependencyInjection": "9.0.1",
          "Microsoft.Extensions.Primitives": "9.0.1",
          "Microsoft.JSInterop": "9.0.1"
        }
      },
      "Microsoft.AspNetCore.Connections.Abstractions": {
        "type": "Transitive",
        "resolved": "9.0.1",
        "contentHash": "FGAdSJ+ghn/6N8OzRqdeahPm5bupBInv/bJYFK9/ubvunMHMU9V+MaGtc6laa197Vn8cRyx64fAa/BrlA0Flng==",
        "dependencies": {
          "Microsoft.Extensions.Features": "9.0.1"
        }
      },
      "Microsoft.AspNetCore.Http.Connections.Client": {
        "type": "Transitive",
        "resolved": "9.0.1",
        "contentHash": "PIlLh4htwyeIHJvVyWHFYlerij9P47fKTnTatJmdATAWCqdfemBi2T2xg/mKrvntXoJXTMxr3gB+ryo+qw5CfA==",
        "dependencies": {
          "Microsoft.AspNetCore.Http.Connections.Common": "9.0.1",
          "Microsoft.Extensions.Logging.Abstractions": "9.0.1",
          "Microsoft.Extensions.Options": "9.0.1",
          "System.Net.ServerSentEvents": "9.0.1"
        }
      },
      "Microsoft.AspNetCore.Http.Connections.Common": {
        "type": "Transitive",
        "resolved": "9.0.1",
        "contentHash": "veqAraQYkWDCw20Q33AOtDjFTJtUSP3p34r3yJAruCt3xURPOEmVGu9i/VCN9b79JXTrRDeLAG9Z77K+ASWOkg==",
        "dependencies": {
          "Microsoft.AspNetCore.Connections.Abstractions": "9.0.1"
        }
      },
      "Microsoft.AspNetCore.Metadata": {
        "type": "Transitive",
        "resolved": "9.0.1",
        "contentHash": "EZnHifamF7IFEIyjAKMtJM3I/94OIe72i3P09v5oL0twmsmfQwal6Ni3m8lbB5mge3jWFhMozeW+rUdRSqnXRQ=="
      },
      "Microsoft.AspNetCore.SignalR.Client": {
        "type": "Transitive",
        "resolved": "9.0.1",
        "contentHash": "tW2kDqZksYSXvJPp/C1mPvSqgyF0fdvHosfas5gCwoqF7yl0QbUVYJyw4LEunv8L9qDBkz/fKPPZ/KaWgQytvg==",
        "dependencies": {
          "Microsoft.AspNetCore.Http.Connections.Client": "9.0.1",
          "Microsoft.AspNetCore.SignalR.Client.Core": "9.0.1"
        }
      },
      "Microsoft.AspNetCore.SignalR.Client.Core": {
        "type": "Transitive",
        "resolved": "9.0.1",
        "contentHash": "+v9xQtp8yHptznwELkoZjFhyjjUl6WeH7Kq1TeJMtP+ebyYWHTFJXuDP+iI10PkX6XQe4rChpQPl2VgapqPTWQ==",
        "dependencies": {
          "Microsoft.AspNetCore.SignalR.Common": "9.0.1",
          "Microsoft.AspNetCore.SignalR.Protocols.Json": "9.0.1",
          "Microsoft.Extensions.DependencyInjection": "9.0.1",
          "Microsoft.Extensions.Logging": "9.0.1",
          "System.Threading.Channels": "9.0.1"
        }
      },
      "Microsoft.AspNetCore.SignalR.Common": {
        "type": "Transitive",
        "resolved": "9.0.1",
        "contentHash": "Y5CwQgER9Fmlr0nmwK+xp4gdAimilxt/SXwKtBqDgtk546VHn3oLJGJPnnKhoF/lHDkiDRox8gSiOv8o7pgQTw==",
        "dependencies": {
          "Microsoft.AspNetCore.Connections.Abstractions": "9.0.1",
          "Microsoft.Extensions.Options": "9.0.1"
        }
      },
      "Microsoft.AspNetCore.SignalR.Protocols.Json": {
        "type": "Transitive",
        "resolved": "9.0.1",
        "contentHash": "60OiRqzDESd6CbxyZSbr6YLgKEoDMz/5jynnYMS50DgUqsx/0LF00MCgDvcsNZad4YqWDC+ifIkDC9b+4Rh7uA==",
        "dependencies": {
          "Microsoft.AspNetCore.SignalR.Common": "9.0.1"
        }
      },
      "Microsoft.AspNetCore.SignalR.Protocols.MessagePack": {
        "type": "Transitive",
        "resolved": "9.0.1",
        "contentHash": "E+GcFIrx8Zx/dlU83u73LojBkk3fMnPsKSjADZ+x+1xACjFH/R5Hw0Z1ZJqbAPOZq+eCFRO/pruaF10M0B98kQ==",
        "dependencies": {
          "MessagePack": "2.5.187",
          "Microsoft.AspNetCore.SignalR.Common": "9.0.1"
        }
      },
      "Microsoft.Extensions.Configuration": {
        "type": "Transitive",
        "resolved": "9.0.1",
        "contentHash": "VuthqFS+ju6vT8W4wevdhEFiRi1trvQtkzWLonApfF5USVzzDcTBoY3F24WvN/tffLSrycArVfX1bThm/9xY2A==",
        "dependencies": {
          "Microsoft.Extensions.Configuration.Abstractions": "9.0.1",
          "Microsoft.Extensions.Primitives": "9.0.1"
        }
      },
      "Microsoft.Extensions.Configuration.Abstractions": {
        "type": "Transitive",
        "resolved": "9.0.1",
        "contentHash": "+4hfFIY1UjBCXFTTOd+ojlDPq6mep3h5Vq5SYE3Pjucr7dNXmq4S/6P/LoVnZFz2e/5gWp/om4svUFgznfULcA==",
        "dependencies": {
          "Microsoft.Extensions.Primitives": "9.0.1"
        }
      },
      "Microsoft.Extensions.Configuration.Binder": {
        "type": "Transitive",
        "resolved": "9.0.1",
        "contentHash": "w7kAyu1Mm7eParRV6WvGNNwA8flPTub16fwH49h7b/yqJZFTgYxnOVCuiah3G2bgseJMEq4DLjjsyQRvsdzRgA==",
        "dependencies": {
          "Microsoft.Extensions.Configuration.Abstractions": "9.0.1"
        }
      },
      "Microsoft.Extensions.Configuration.FileExtensions": {
        "type": "Transitive",
        "resolved": "9.0.1",
        "contentHash": "QBOI8YVAyKqeshYOyxSe6co22oag431vxMu5xQe1EjXMkYE4xK4J71xLCW3/bWKmr9Aoy1VqGUARSLFnotk4Bg==",
        "dependencies": {
          "Microsoft.Extensions.Configuration": "9.0.1",
          "Microsoft.Extensions.Configuration.Abstractions": "9.0.1",
          "Microsoft.Extensions.FileProviders.Abstractions": "9.0.1",
          "Microsoft.Extensions.FileProviders.Physical": "9.0.1",
          "Microsoft.Extensions.Primitives": "9.0.1"
        }
      },
      "Microsoft.Extensions.Configuration.Json": {
        "type": "Transitive",
        "resolved": "9.0.1",
        "contentHash": "z+g+lgPET1JRDjsOkFe51rkkNcnJgvOK5UIpeTfF1iAi0GkBJz5/yUuTa8a9V8HUh4gj4xFT5WGoMoXoSDKfGg==",
        "dependencies": {
          "Microsoft.Extensions.Configuration": "9.0.1",
          "Microsoft.Extensions.Configuration.Abstractions": "9.0.1",
          "Microsoft.Extensions.Configuration.FileExtensions": "9.0.1",
          "Microsoft.Extensions.FileProviders.Abstractions": "9.0.1"
        }
      },
      "Microsoft.Extensions.DependencyInjection": {
        "type": "Transitive",
        "resolved": "9.0.1",
        "contentHash": "qZI42ASAe3hr2zMSA6UjM92pO1LeDq5DcwkgSowXXPY8I56M76pEKrnmsKKbxagAf39AJxkH2DY4sb72ixyOrg==",
        "dependencies": {
          "Microsoft.Extensions.DependencyInjection.Abstractions": "9.0.1"
        }
      },
      "Microsoft.Extensions.DependencyInjection.Abstractions": {
        "type": "Transitive",
        "resolved": "9.0.1",
        "contentHash": "Tr74eP0oQ3AyC24ch17N8PuEkrPbD0JqIfENCYqmgKYNOmL8wQKzLJu3ObxTUDrjnn4rHoR1qKa37/eQyHmCDA=="
      },
      "Microsoft.Extensions.Diagnostics": {
        "type": "Transitive",
        "resolved": "8.0.1",
        "contentHash": "doVPCUUCY7c6LhBsEfiy3W1bvS7Mi6LkfQMS8nlC22jZWNxBv8VO8bdfeyvpYFst6Kxqk7HBC6lytmEoBssvSQ==",
        "dependencies": {
          "Microsoft.Extensions.Configuration": "8.0.0",
          "Microsoft.Extensions.Diagnostics.Abstractions": "8.0.1",
          "Microsoft.Extensions.Options.ConfigurationExtensions": "8.0.0"
        }
      },
      "Microsoft.Extensions.Diagnostics.Abstractions": {
        "type": "Transitive",
        "resolved": "8.0.1",
        "contentHash": "elH2vmwNmsXuKmUeMQ4YW9ldXiF+gSGDgg1vORksob5POnpaI6caj1Hu8zaYbEuibhqCoWg0YRWDazBY3zjBfg==",
        "dependencies": {
          "Microsoft.Extensions.DependencyInjection.Abstractions": "8.0.2",
          "Microsoft.Extensions.Options": "8.0.2"
        }
      },
      "Microsoft.Extensions.Features": {
        "type": "Transitive",
        "resolved": "9.0.1",
        "contentHash": "GU+tXhB+m9brx7YZwpzlZ57FVevfaQgZTSrjbQk5o9tb2QWbpzeUtJDPPG8Cav0OrTPDG+7zrcrGL69Rwv8Gzg=="
      },
      "Microsoft.Extensions.FileProviders.Abstractions": {
        "type": "Transitive",
        "resolved": "9.0.1",
        "contentHash": "DguZYt1DWL05+8QKWL3b6bW7A2pC5kYFMY5iXM6W2M23jhvcNa8v6AU8PvVJBcysxHwr9/jax0agnwoBumsSwg==",
        "dependencies": {
          "Microsoft.Extensions.Primitives": "9.0.1"
        }
      },
      "Microsoft.Extensions.FileProviders.Physical": {
        "type": "Transitive",
        "resolved": "9.0.1",
        "contentHash": "TKDMNRS66UTMEVT38/tU9hA63UTMvzI3DyNm5mx8+JCf3BaOtxgrvWLCI1y3J52PzT5yNl/T2KN5Z0KbApLZcg==",
        "dependencies": {
          "Microsoft.Extensions.FileProviders.Abstractions": "9.0.1",
          "Microsoft.Extensions.FileSystemGlobbing": "9.0.1",
          "Microsoft.Extensions.Primitives": "9.0.1"
        }
      },
      "Microsoft.Extensions.FileSystemGlobbing": {
        "type": "Transitive",
        "resolved": "9.0.1",
        "contentHash": "Mxcp9NXuQMvAnudRZcgIb5SqlWrlullQzntBLTwuv0MPIJ5LqiGwbRqiyxgdk+vtCoUkplb0oXy5kAw1t469Ug=="
      },
      "Microsoft.Extensions.Http": {
        "type": "Transitive",
        "resolved": "8.0.1",
        "contentHash": "kDYeKJUzh0qeg/AI+nSr3ffthmXYQTEb0nS9qRC7YhSbbuN4M4NPbaB77AJwtkTnCV9XZ7qYj3dkZaNcyl73EA==",
        "dependencies": {
          "Microsoft.Extensions.Configuration.Abstractions": "8.0.0",
          "Microsoft.Extensions.DependencyInjection.Abstractions": "8.0.2",
          "Microsoft.Extensions.Diagnostics": "8.0.1",
          "Microsoft.Extensions.Logging": "8.0.1",
          "Microsoft.Extensions.Logging.Abstractions": "8.0.2",
          "Microsoft.Extensions.Options": "8.0.2"
        }
      },
      "Microsoft.Extensions.Localization": {
        "type": "Transitive",
        "resolved": "8.0.8",
        "contentHash": "n32ZGmc2UOv9R/xsBHQPOxBsqCSAAJSoMtFqoQ8zOegB2P+H6+773OyCWg4jRBkO/3dmCyBJXB0yLAOVW2/C/w==",
        "dependencies": {
          "Microsoft.Extensions.DependencyInjection.Abstractions": "8.0.1",
          "Microsoft.Extensions.Localization.Abstractions": "8.0.8",
          "Microsoft.Extensions.Logging.Abstractions": "8.0.1",
          "Microsoft.Extensions.Options": "8.0.2"
        }
      },
      "Microsoft.Extensions.Localization.Abstractions": {
        "type": "Transitive",
        "resolved": "8.0.8",
        "contentHash": "WYIsqP/A6dH/LWJznrvgoNPc7Q+CUJD0E78765GL3aonBtyFK1BKtPzBvvlnrr3SVqSO2r6xJCLgCEiCMG1gfA=="
      },
      "Microsoft.Extensions.Logging": {
        "type": "Transitive",
        "resolved": "9.0.1",
        "contentHash": "E/k5r7S44DOW+08xQPnNbO8DKAQHhkspDboTThNJ6Z3/QBb4LC6gStNWzVmy3IvW7sUD+iJKf4fj0xEkqE7vnQ==",
        "dependencies": {
          "Microsoft.Extensions.DependencyInjection": "9.0.1",
          "Microsoft.Extensions.Logging.Abstractions": "9.0.1",
          "Microsoft.Extensions.Options": "9.0.1"
        }
      },
      "Microsoft.Extensions.Logging.Abstractions": {
        "type": "Transitive",
        "resolved": "9.0.1",
        "contentHash": "w2gUqXN/jNIuvqYwX3lbXagsizVNXYyt6LlF57+tMve4JYCEgCMMAjRce6uKcDASJgpMbErRT1PfHy2OhbkqEA==",
        "dependencies": {
          "Microsoft.Extensions.DependencyInjection.Abstractions": "9.0.1"
        }
      },
      "Microsoft.Extensions.Options": {
        "type": "Transitive",
        "resolved": "9.0.1",
        "contentHash": "nggoNKnWcsBIAaOWHA+53XZWrslC7aGeok+aR+epDPRy7HI7GwMnGZE8yEsL2Onw7kMOHVHwKcsDls1INkNUJQ==",
        "dependencies": {
          "Microsoft.Extensions.DependencyInjection.Abstractions": "9.0.1",
          "Microsoft.Extensions.Primitives": "9.0.1"
        }
      },
      "Microsoft.Extensions.Options.ConfigurationExtensions": {
        "type": "Transitive",
        "resolved": "8.0.0",
        "contentHash": "0f4DMRqEd50zQh+UyJc+/HiBsZ3vhAQALgdkcQEalSH1L2isdC7Yj54M3cyo5e+BeO5fcBQ7Dxly8XiBBcvRgw==",
        "dependencies": {
          "Microsoft.Extensions.Configuration.Abstractions": "8.0.0",
          "Microsoft.Extensions.Configuration.Binder": "8.0.0",
          "Microsoft.Extensions.DependencyInjection.Abstractions": "8.0.0",
          "Microsoft.Extensions.Options": "8.0.0",
          "Microsoft.Extensions.Primitives": "8.0.0"
        }
      },
      "Microsoft.Extensions.Primitives": {
        "type": "Transitive",
        "resolved": "9.0.1",
        "contentHash": "bHtTesA4lrSGD1ZUaMIx6frU3wyy0vYtTa/hM6gGQu5QNrydObv8T5COiGUWsisflAfmsaFOe9Xvw5NSO99z0g=="
      },
      "Microsoft.JSInterop": {
        "type": "Transitive",
        "resolved": "9.0.1",
        "contentHash": "/xBwIfb0YoC2Muv6EsHjxpqZw2aKv94+i0g0FWZvqvGv3DeAy+8wipAuECVvKYEs2EIclRD41bjajHLoD6mTtw=="
      },
      "Microsoft.JSInterop.WebAssembly": {
        "type": "Transitive",
        "resolved": "9.0.1",
        "contentHash": "4YMLT96BmWT/BUJ2Btqb34DU8ikpLO3SWHQbe13cIXYmvhgBZGX89T9L/dxCfl7ODBnvyuBpa/E0DgcPHwjdHw==",
        "dependencies": {
          "Microsoft.JSInterop": "9.0.1"
        }
      },
      "Microsoft.NET.StringTools": {
        "type": "Transitive",
        "resolved": "17.11.4",
        "contentHash": "mudqUHhNpeqIdJoUx2YDWZO/I9uEDYVowan89R6wsomfnUJQk6HteoQTlNjZDixhT2B4IXMkMtgZtoceIjLRmA=="
      },
      "MongoDB.Bson": {
        "type": "Transitive",
        "resolved": "3.1.0",
        "contentHash": "3dhaZhz18B5vUoEP13o2j8A6zQfkHdZhwBvLZEjDJum4BTLLv1/Z8bt25UQEtpqvYwLgde4R6ekWZ7XAYUMxuw==",
        "dependencies": {
          "System.Memory": "4.5.5",
          "System.Runtime.CompilerServices.Unsafe": "5.0.0"
        }
      },
      "MudBlazor": {
        "type": "Transitive",
        "resolved": "7.16.0",
        "contentHash": "68bEFn7MLCyOB4yYxtvZG+AA+bZbxBDcIOhnSVFrHrAg8LLXVw1LxHCp9EyRktlREpnoAO1JxINp+5WeHc9Z4w==",
        "dependencies": {
          "Microsoft.AspNetCore.Components": "8.0.8",
          "Microsoft.AspNetCore.Components.Web": "8.0.8",
          "Microsoft.Extensions.Localization": "8.0.8"
        }
      },
      "Newtonsoft.Json": {
        "type": "Transitive",
        "resolved": "13.0.3",
        "contentHash": "HrC5BXdl00IP9zeV+0Z848QWPAoCr9P3bDEZguI+gkLcBKAOxix/tLEAAHC+UvDNPv4a2d18lOReHMOagPa+zQ=="
      },
      "Serialize.Linq": {
        "type": "Transitive",
        "resolved": "3.0.152",
        "contentHash": "5c+JRCGLHmCuwBfx8fyoEo7lCnVv3URVFPL6zR7tNH9ZbmfEC3aykkg/DdGs0faEf9LKRAUyisXzh3CXlh/6yw=="
      },
      "System.Memory": {
        "type": "Transitive",
        "resolved": "4.5.5",
        "contentHash": "XIWiDvKPXaTveaB7HVganDlOCRoj03l+jrwNvcge/t8vhGYKvqV+dMv6G4SAX2NoNmN0wZfVPTAlFwZcZvVOUw=="
      },
      "System.Net.ServerSentEvents": {
        "type": "Transitive",
        "resolved": "9.0.1",
        "contentHash": "agSjDe0Cb44jh8cfVypycfXdiIDB/aeNMgNw5obo5SYuNjSwkERCU5sRxB6a8bzZSckUGCMcJQxg0sLXB5VOQg=="
      },
      "System.Runtime.CompilerServices.Unsafe": {
        "type": "Transitive",
        "resolved": "5.0.0",
        "contentHash": "ZD9TMpsmYJLrxbbmdvhwt9YEgG5WntEnZ/d1eH8JBX9LBp+Ju8BSBhUGbZMNVHHomWo2KVImJhTDl2hIgw/6MA=="
      },
      "System.Threading.Channels": {
        "type": "Transitive",
        "resolved": "9.0.1",
        "contentHash": "vpp0a6Prnrqza30863qzNXtb2TonmnJVdfGpIU99+wYyDyLJG3IyoxmjTxhInywqJ6G2HEV4yjZ6/Eo802qGpw=="
      },
      "Tewr.BlazorWorker.Core": {
        "type": "Transitive",
        "resolved": "4.1.2",
        "contentHash": "dc++Zph+YtWXbS/DMP96k0ecYtAzJJaBmdBnhITv6k+GSYSZi0oodwL3BNVTvRqO8sxArSUjmmM2k6plSelAFw==",
        "dependencies": {
          "Microsoft.Extensions.DependencyInjection.Abstractions": "8.0.0",
          "Microsoft.JSInterop": "8.0.0"
        }
      },
      "businessmodels": {
        "type": "Project",
        "dependencies": {
          "FluentValidation": "[11.11.0, )",
          "MessagePack": "[3.1.1, )",
          "MessagePack.Annotations": "[3.1.1, )",
          "Microsoft.AspNetCore.SignalR.Client": "[9.0.1, )",
          "Microsoft.AspNetCore.SignalR.Client.Core": "[9.0.1, )",
          "Microsoft.AspNetCore.SignalR.Protocols.MessagePack": "[9.0.1, )",
          "MongoDB.Bson": "[3.1.0, )",
          "MudBlazor": "[7.16.0, )",
          "Newtonsoft.Json": "[13.0.3, )"
        }
      }
    },
    "net9.0/browser-wasm": {}
  }
}