{
  "version": 1,
  "dependencies": {
    "net9.0": {
      "Microsoft.SemanticKernel.Connectors.AzureOpenAI": {
        "type": "Direct",
        "requested": "[1.31.0, )",
        "resolved": "1.31.0",
        "contentHash": "KwifV9JAbWH1rX1KAJfUnn9zxeGb/Kj+7KPj/ehXX96YeZS0QrMLnB1EBI+ZtgC1hJisoMcXuZJjZwCAsvLsRw==",
        "dependencies": {
          "Azure.AI.OpenAI": "[2.1.0-beta.2]",
          "Microsoft.SemanticKernel.Connectors.OpenAI": "1.31.0",
          "Microsoft.SemanticKernel.Core": "1.31.0"
        }
      },
      "Microsoft.SemanticKernel.Connectors.Ollama": {
        "type": "Direct",
        "requested": "[1.31.0-alpha, )",
        "resolved": "1.31.0-alpha",
        "contentHash": "5WgVYTAL5NFKULTVmnE0N8qVzZL/8/WLCAwsKRqDHJB/7sCanMUGlVL2vMTWginnMC5TsKCckN4NdP4NCxiJTg==",
        "dependencies": {
          "Microsoft.Extensions.AI": "9.0.1-preview.1.24570.5",
          "Microsoft.SemanticKernel.Abstractions": "1.31.0",
          "Microsoft.SemanticKernel.Core": "1.31.0",
          "OllamaSharp": "4.0.8"
        }
      },
      "Microsoft.SemanticKernel.Connectors.OpenAI": {
        "type": "Direct",
        "requested": "[1.31.0, )",
        "resolved": "1.31.0",
        "contentHash": "gphwluEPfoU91YICFrAivKN13lieUYBMFtPcgB3JceDweizavCdQ7AJdg57QFGH3VbQzo/+OuWg9mKEYYkb71A==",
        "dependencies": {
          "Microsoft.SemanticKernel.Core": "1.31.0",
          "OpenAI": "[2.1.0-beta.2]"
        }
      },
      "Ollama": {
        "type": "Direct",
        "requested": "[1.13.0, )",
        "resolved": "1.13.0",
        "contentHash": "U/8EwrUEVToMMppc9CBmzDniCQomZ4ttsJpfT36pSxAyjZXkLJmLIt+oSGzUPVZRCOG/jonYhduiVB8gq/hwSA==",
        "dependencies": {
          "CSharpToJsonSchema": "3.10.1",
          "System.Text.Json": "9.0.0"
        }
      },
      "Azure.AI.OpenAI": {
        "type": "Transitive",
        "resolved": "2.1.0-beta.2",
        "contentHash": "9dm9MgejTpvWZHkLC9rBP01SII2bRLR55CwkKHS55Hai1pKxST7QvZ46MjIcTcmApfaV6XbHuF8mxSorqUU05w==",
        "dependencies": {
          "Azure.Core": "1.44.1",
          "OpenAI": "2.1.0-beta.2"
        }
      },
      "Azure.Core": {
        "type": "Transitive",
        "resolved": "1.44.1",
        "contentHash": "YyznXLQZCregzHvioip07/BkzjuWNXogJEVz9T5W6TwjNr17ax41YGzYMptlo2G10oLCuVPoyva62y0SIRDixg==",
        "dependencies": {
          "Microsoft.Bcl.AsyncInterfaces": "6.0.0",
          "System.ClientModel": "1.1.0",
          "System.Diagnostics.DiagnosticSource": "6.0.1",
          "System.Memory.Data": "6.0.0",
          "System.Numerics.Vectors": "4.5.0",
          "System.Text.Encodings.Web": "6.0.0",
          "System.Text.Json": "6.0.10",
          "System.Threading.Tasks.Extensions": "4.5.4"
        }
      },
      "CSharpToJsonSchema": {
        "type": "Transitive",
        "resolved": "3.10.1",
        "contentHash": "d01LmVhNR2XRT5+XWrL8VKL4WKL7EGV9fSjCWRnnikgxq9y8vPj6XVxRPkcqCDruSlsB9mjdOeg5auIq9yjbig==",
        "dependencies": {
          "System.Text.Json": "9.0.0"
        }
      },
      "Microsoft.AI.DirectML": {
        "type": "Transitive",
        "resolved": "1.15.2",
        "contentHash": "FVvIJWnT14L5cTEr8uc40mY2lAdtzcAcgsas4i4HF7EcZMr8RJyLWTCxQj1K7fi7DNykBufQe1K5HDh/oIBz0g=="
      },
      "Microsoft.Bcl.AsyncInterfaces": {
        "type": "Transitive",
        "resolved": "8.0.0",
        "contentHash": "3WA9q9yVqJp222P3x1wYIGDAkpjAku0TMUaaQV22g6L67AI0LdOIrVS7Ht2vJfLHGSPVuqN94vIr15qn+HEkHw=="
      },
      "Microsoft.Bcl.HashCode": {
        "type": "Transitive",
        "resolved": "1.1.1",
        "contentHash": "MalY0Y/uM/LjXtHfX/26l2VtN4LDNZ2OE3aumNOHDLsT4fNYy2hiHXI4CXCqKpNUNm7iJ2brrc4J89UdaL56FA=="
      },
      "Microsoft.Extensions.AI": {
        "type": "Transitive",
        "resolved": "9.0.1-preview.1.24570.5",
        "contentHash": "J38WKNCFGAFhFrUPSHfgaRl593/guj9jAIvD7LS9VUdP3kh15kTSA2tJgQFubWpItPnmESDLtkggOEFu6AKEYw==",
        "dependencies": {
          "Microsoft.Extensions.AI.Abstractions": "9.0.1-preview.1.24570.5",
          "Microsoft.Extensions.Caching.Abstractions": "9.0.0",
          "Microsoft.Extensions.DependencyInjection.Abstractions": "9.0.0",
          "Microsoft.Extensions.Logging.Abstractions": "9.0.0",
          "System.Diagnostics.DiagnosticSource": "9.0.0",
          "System.Text.Json": "9.0.0",
          "System.Threading.Channels": "9.0.0"
        }
      },
      "Microsoft.Extensions.AI.Abstractions": {
        "type": "Transitive",
        "resolved": "9.0.1-preview.1.24570.5",
        "contentHash": "zqUK1epXT+mxmJW7bonO2gRuYEhysLGIGCbPVXW5qmgYA+8PgFle9IPeKpb9RevwxnEedXdHm+nQyQiOnZIHWg=="
      },
      "Microsoft.Extensions.AI.Ollama": {
        "type": "Transitive",
        "resolved": "9.0.1-preview.1.24570.5",
        "contentHash": "RvW4bluCCwiC72EWiLUWnkdRifsr12xd3EoyEzKMz/zNFVgB06c4XGEmah+wixWqSlxO8YXOClqefNbeNs6nwQ==",
        "dependencies": {
          "Microsoft.Extensions.AI.Abstractions": "9.0.1-preview.1.24570.5",
          "System.Net.Http.Json": "9.0.0",
          "System.Text.Json": "9.0.0"
        }
      },
      "Microsoft.Extensions.Caching.Abstractions": {
        "type": "Transitive",
        "resolved": "9.0.0",
        "contentHash": "FPWZAa9c0H4dvOj351iR1jkUIs4u9ykL4Bm592yhjDyO5lCoWd+TMAHx2EMbarzUvCvgjWjJIoC6//Q9kH6YhA==",
        "dependencies": {
          "Microsoft.Extensions.Primitives": "9.0.0"
        }
      },
      "Microsoft.Extensions.DependencyInjection": {
        "type": "Transitive",
        "resolved": "8.0.1",
        "contentHash": "BmANAnR5Xd4Oqw7yQ75xOAYODybZQRzdeNucg7kS5wWKd2PNnMdYtJ2Vciy0QLylRmv42DGl5+AFL9izA6F1Rw==",
        "dependencies": {
          "Microsoft.Extensions.DependencyInjection.Abstractions": "8.0.2"
        }
      },
      "Microsoft.Extensions.DependencyInjection.Abstractions": {
        "type": "Transitive",
        "resolved": "9.0.0",
        "contentHash": "+6f2qv2a3dLwd5w6JanPIPs47CxRbnk+ZocMJUhv9NxP88VlOcJYZs9jY+MYSjxvady08bUZn6qgiNh7DadGgg=="
      },
      "Microsoft.Extensions.Logging.Abstractions": {
        "type": "Transitive",
        "resolved": "9.0.0",
        "contentHash": "g0UfujELzlLbHoVG8kPKVBaW470Ewi+jnptGS9KUi6jcb+k2StujtK3m26DFSGGwQ/+bVgZfsWqNzlP6YOejvw==",
        "dependencies": {
          "Microsoft.Extensions.DependencyInjection.Abstractions": "9.0.0"
        }
      },
      "Microsoft.Extensions.Options": {
        "type": "Transitive",
        "resolved": "9.0.0",
        "contentHash": "y2146b3jrPI3Q0lokKXdKLpmXqakYbDIPDV6r3M8SqvSf45WwOTzkyfDpxnZXJsJQEpAsAqjUq5Pu8RCJMjubg==",
        "dependencies": {
          "Microsoft.Extensions.DependencyInjection.Abstractions": "9.0.0",
          "Microsoft.Extensions.Primitives": "9.0.0"
        }
      },
      "Microsoft.Extensions.Primitives": {
        "type": "Transitive",
        "resolved": "9.0.0",
        "contentHash": "N3qEBzmLMYiASUlKxxFIISP4AiwuPTHF5uCh+2CWSwwzAJiIYx0kBJsS30cp1nvhSySFAVi30jecD307jV+8Kg=="
      },
      "Microsoft.Extensions.VectorData.Abstractions": {
        "type": "Transitive",
        "resolved": "9.0.0-preview.1.24523.1",
        "contentHash": "5TUbyFZN8v2eWQXwF7WyAAHCW+OMdsmEVEWw1N1J7L5xA25UD0BtUXxO1kc8Nzkc6c1YGN/NwarySgiY84ALlg=="
      },
      "Microsoft.ML.OnnxRuntime.DirectML": {
        "type": "Transitive",
        "resolved": "1.20.1",
        "contentHash": "IQSqKIwOGJ8azkJxqT7h/xGkjw3AKdVd/f9BfnbwQVBRZ7W5vrv8nCirNYPO0Xr3XJ27RpSzXSKIRBkiQlhjyw==",
        "dependencies": {
          "Microsoft.AI.DirectML": "1.15.2",
          "Microsoft.ML.OnnxRuntime.Managed": "1.20.1"
        }
      },
      "Microsoft.ML.OnnxRuntime.Managed": {
        "type": "Transitive",
        "resolved": "1.20.1",
        "contentHash": "+EVcEcKdq3gkw6iu8TYl2coJxfPnMi1YQc6eZ80BGNlw6mbBCxNGe6h4udDCwENYWsXFvYjoBc6412t40tl4ew==",
        "dependencies": {
          "System.Memory": "4.5.5"
        }
      },
      "Microsoft.SemanticKernel.Abstractions": {
        "type": "Transitive",
        "resolved": "1.31.0",
        "contentHash": "PgrpG7Tzek2hQ02ry1zuRKMfmZrpjdK58OhPF+tZmyjGx2kMVvjGRAr4sbR2xmCXfF7X7cup1C+qIkoOPMjTAQ==",
        "dependencies": {
          "Microsoft.Bcl.AsyncInterfaces": "8.0.0",
          "Microsoft.Bcl.HashCode": "1.1.1",
          "Microsoft.Extensions.AI.Abstractions": "9.0.1-preview.1.24570.5",
          "Microsoft.Extensions.DependencyInjection.Abstractions": "8.0.2",
          "Microsoft.Extensions.Logging.Abstractions": "8.0.2",
          "Microsoft.Extensions.VectorData.Abstractions": "9.0.0-preview.1.24523.1",
          "System.Diagnostics.DiagnosticSource": "8.0.1",
          "System.Text.Json": "8.0.5"
        }
      },
      "Microsoft.SemanticKernel.Connectors.Google": {
        "type": "Transitive",
        "resolved": "1.31.0-alpha",
        "contentHash": "leUglyPBuTu9tJNUertwZ9vXdpdg9QeQXeEaxhkpcwZweiF9w/WWjpPh3NFJEvtJxypnJ6/Vz9v/gzJ2a1Mf1A==",
        "dependencies": {
          "Microsoft.SemanticKernel.Abstractions": "1.31.0",
          "Microsoft.SemanticKernel.Core": "1.31.0"
        }
      },
      "Microsoft.SemanticKernel.Connectors.InMemory": {
        "type": "Transitive",
        "resolved": "1.31.0-preview",
        "contentHash": "/rGWS4jEZpjQu4B3D9Zr7yP3K13QhnPz0SU6Fi8ES8OXzYBIX8LetEbEbEY6iEMMfoz+SQFjyYMTr1LvKG38rQ==",
        "dependencies": {
          "Microsoft.SemanticKernel.Abstractions": "1.31.0",
          "System.Numerics.Tensors": "8.0.0"
        }
      },
      "Microsoft.SemanticKernel.Core": {
        "type": "Transitive",
        "resolved": "1.31.0",
        "contentHash": "FV4+hbJvr6XBwRLsPkPbK5xCCK4k3xrQV981P9/USEvOr8S2Vt6dx07JmPrbaqOzy4xnsgXGPqjlFGf6GzTg+A==",
        "dependencies": {
          "Microsoft.Extensions.DependencyInjection": "8.0.1",
          "Microsoft.SemanticKernel.Abstractions": "1.31.0",
          "System.Numerics.Tensors": "8.0.0",
          "System.Text.Json": "8.0.5"
        }
      },
      "Newtonsoft.Json": {
        "type": "Transitive",
        "resolved": "13.0.3",
        "contentHash": "HrC5BXdl00IP9zeV+0Z848QWPAoCr9P3bDEZguI+gkLcBKAOxix/tLEAAHC+UvDNPv4a2d18lOReHMOagPa+zQ=="
      },
      "OllamaSharp": {
        "type": "Transitive",
        "resolved": "4.0.8",
        "contentHash": "4mZZQkVRxevJ/oDVO4Eg02H3tPO9Nxo7kmp9LIru2Po01oqMipLyBxsnueeXCMKC8LPVOaqEjbejwBMR0Stu3Q==",
        "dependencies": {
          "Microsoft.Bcl.AsyncInterfaces": "8.0.0",
          "Microsoft.Extensions.AI.Abstractions": "9.0.1-preview.1.24570.5"
        }
      },
      "OpenAI": {
        "type": "Transitive",
        "resolved": "2.1.0-beta.2",
        "contentHash": "l+fZAS9XnCxnxGodYFPziMNF9u0ZBfOGEyOuryXnjkcPe+Z4g/ErEvGYyq559V+Q9C8J87eQ0lfq5KtwSk6ppw==",
        "dependencies": {
          "System.ClientModel": "1.2.1",
          "System.Diagnostics.DiagnosticSource": "6.0.1"
        }
      },
      "SixLabors.ImageSharp": {
        "type": "Transitive",
        "resolved": "3.1.6",
        "contentHash": "dHQ5jugF9v+5/LCVHCWVzaaIL6WOehqJy6eju/0VFYFPEj2WtqkGPoEV9EVQP83dHsdoqYaTuWpZdwAd37UwfA=="
      },
      "System.ClientModel": {
        "type": "Transitive",
        "resolved": "1.2.1",
        "contentHash": "s9+M5El+DXdCRRLzxak8uGBKWT8H/eIssGpFtpaMKdJULrQbBDPH/zFbVyHX+NDczhS5EvjHFbBH9/L+0UhmcA==",
        "dependencies": {
          "System.Memory.Data": "6.0.0",
          "System.Text.Json": "6.0.10"
        }
      },
      "System.Diagnostics.DiagnosticSource": {
        "type": "Transitive",
        "resolved": "9.0.0",
        "contentHash": "ddppcFpnbohLWdYKr/ZeLZHmmI+DXFgZ3Snq+/E7SwcdW4UnvxmaugkwGywvGVWkHPGCSZjCP+MLzu23AL5SDw=="
      },
      "System.Memory": {
        "type": "Transitive",
        "resolved": "4.5.5",
        "contentHash": "XIWiDvKPXaTveaB7HVganDlOCRoj03l+jrwNvcge/t8vhGYKvqV+dMv6G4SAX2NoNmN0wZfVPTAlFwZcZvVOUw=="
      },
      "System.Memory.Data": {
        "type": "Transitive",
        "resolved": "6.0.0",
        "contentHash": "ntFHArH3I4Lpjf5m4DCXQHJuGwWPNVJPaAvM95Jy/u+2Yzt2ryiyIN04LAogkjP9DeRcEOiviAjQotfmPq/FrQ==",
        "dependencies": {
          "System.Text.Json": "6.0.0"
        }
      },
      "System.Net.Http.Json": {
        "type": "Transitive",
        "resolved": "9.0.0",
        "contentHash": "e8s0BFOwHaFTqz6wi3l+9tm0SuKOUs5wiahHTjnAabF9n1+0NuZeG/vOLo2vSfUp+DlIChaRfnAiOFkRpHN/ew=="
      },
      "System.Numerics.Tensors": {
        "type": "Transitive",
        "resolved": "9.0.0",
        "contentHash": "hyJB4UlpAi19Xr9AXzu2NuagKC4lPfHObNMEAA0HmqFz2rX7wKgzeYzO/jM/eBHDhnUGFFEjk5cOoJaxqg5J4A=="
      },
      "System.Numerics.Vectors": {
        "type": "Transitive",
        "resolved": "4.5.0",
        "contentHash": "QQTlPTl06J/iiDbJCiepZ4H//BVraReU4O4EoRw1U02H5TLUIT7xn3GnDp9AXPSlJUDyFs4uWjWafNX6WrAojQ=="
      },
      "System.Runtime.CompilerServices.Unsafe": {
        "type": "Transitive",
        "resolved": "6.0.0",
        "contentHash": "/iUeP3tq1S0XdNNoMz5C9twLSrM/TH+qElHkXWaPvuNOt+99G75NrV0OS2EqHx5wMN7popYjpc8oTjC1y16DLg=="
      },
      "System.Text.Encodings.Web": {
        "type": "Transitive",
        "resolved": "6.0.0",
        "contentHash": "Vg8eB5Tawm1IFqj4TVK1czJX89rhFxJo9ELqc/Eiq0eXy13RK00eubyU6TJE6y+GQXjyV5gSfiewDUZjQgSE0w==",
        "dependencies": {
          "System.Runtime.CompilerServices.Unsafe": "6.0.0"
        }
      },
      "System.Text.Json": {
        "type": "Transitive",
        "resolved": "9.0.0",
        "contentHash": "js7+qAu/9mQvnhA4EfGMZNEzXtJCDxgkgj8ohuxq/Qxv+R56G+ljefhiJHOxTNiw54q8vmABCWUwkMulNdlZ4A=="
      },
      "System.Threading.Channels": {
        "type": "Transitive",
        "resolved": "9.0.0",
        "contentHash": "hzACdIf1C+4Dqos5ijV404b94+LqfIC8nfS3mNpCDFWowb1N3PNfJPopneq32ahWlDeyaPZJqjBk76YFR69Rpg=="
      },
      "System.Threading.Tasks.Extensions": {
        "type": "Transitive",
        "resolved": "4.5.4",
        "contentHash": "zteT+G8xuGu6mS+mzDzYXbzS7rd3K6Fjb9RiZlYlJPam2/hU7JCBZBVEcywNuR+oZ1ncTvc/cq0faRr3P01OVg=="
      },
      "brainnet": {
        "type": "Project",
        "dependencies": {
          "Microsoft.Extensions.AI.Ollama": "[9.0.1-preview.1.24570.5, )",
          "Microsoft.Extensions.Options": "[9.0.0, )",
          "Microsoft.Extensions.VectorData.Abstractions": "[9.0.0-preview.1.24523.1, )",
          "Microsoft.ML.OnnxRuntime.DirectML": "[1.20.1, )",
          "Microsoft.SemanticKernel.Connectors.Google": "[1.31.0-alpha, )",
          "Microsoft.SemanticKernel.Connectors.InMemory": "[1.31.0-preview, )",
          "Microsoft.SemanticKernel.Connectors.Ollama": "[1.31.0-alpha, )",
          "Newtonsoft.Json": "[13.0.3, )",
          "SixLabors.ImageSharp": "[3.1.6, )",
          "System.Numerics.Tensors": "[9.0.0, )"
        }
      }
    }
  }
}