{
  "version": 1,
  "dependencies": {
    "net9.0": {
      "Microsoft.SemanticKernel.Connectors.AzureOpenAI": {
        "type": "Direct",
        "requested": "[1.30.0, )",
        "resolved": "1.30.0",
        "contentHash": "9r6GUXEeQ2t0Q1QXlk5zixd+IrXzMEMgDBFT3D1agG3MkQXm5+2Ph8p+SaErNBxX33AlVv1w1dAoBBUjBjvC6g==",
        "dependencies": {
          "Azure.AI.OpenAI": "[2.1.0-beta.2]",
          "Microsoft.SemanticKernel.Connectors.OpenAI": "1.30.0",
          "Microsoft.SemanticKernel.Core": "1.30.0"
        }
      },
      "Microsoft.SemanticKernel.Connectors.Ollama": {
        "type": "Direct",
        "requested": "[1.30.0-alpha, )",
        "resolved": "1.30.0-alpha",
        "contentHash": "xiqayiY+875soXsqO7o2OxnMPOKRpUFK+hdOdCwa9o6RKLL/C66y8hvjVBrP30wURafxzASujrbpLNiIsa8rYA==",
        "dependencies": {
          "Microsoft.Extensions.AI": "9.0.0-preview.9.24525.1",
          "Microsoft.SemanticKernel.Abstractions": "1.30.0",
          "Microsoft.SemanticKernel.Core": "1.30.0",
          "OllamaSharp": "4.0.6"
        }
      },
      "Microsoft.SemanticKernel.Connectors.OpenAI": {
        "type": "Direct",
        "requested": "[1.30.0, )",
        "resolved": "1.30.0",
        "contentHash": "dT6bYZRUpPEtWybKoOezfYMqAqOffP3krPogG1ME38irnFIawYDgcJNFTRJcWVlt96nPO/JDUs0T0i9YMfuK3A==",
        "dependencies": {
          "Microsoft.SemanticKernel.Core": "1.30.0",
          "OpenAI": "[2.1.0-beta.2]"
        }
      },
      "Ollama": {
        "type": "Direct",
        "requested": "[1.12.1-dev.13, )",
        "resolved": "1.12.1-dev.13",
        "contentHash": "FU5NmRymkuRCfTj9IeOHEG5u/4DQltD6wwAR1dSJ4gmgBP9WyTYbjtY/c87dVrnumkd+lZEOEDBzphN6GCT53g==",
        "dependencies": {
          "CSharpToJsonSchema": "3.10.1",
          "System.Text.Json": "9.0.0"
        }
      },
      "Azure.AI.OpenAI": {
        "type": "Transitive",
        "resolved": "2.1.0-beta.2",
        "contentHash": "9dm9MgejTpvWZHkLC9rBP01SII2bRLR55CwkKHS55Hai1pKxST7QvZ46MjIcTcmApfaV6XbHuF8mxSorqUU05w==",
        "dependencies": {
          "Azure.Core": "1.44.1",
          "OpenAI": "2.1.0-beta.2"
        }
      },
      "Azure.Core": {
        "type": "Transitive",
        "resolved": "1.44.1",
        "contentHash": "YyznXLQZCregzHvioip07/BkzjuWNXogJEVz9T5W6TwjNr17ax41YGzYMptlo2G10oLCuVPoyva62y0SIRDixg==",
        "dependencies": {
          "Microsoft.Bcl.AsyncInterfaces": "6.0.0",
          "System.ClientModel": "1.1.0",
          "System.Diagnostics.DiagnosticSource": "6.0.1",
          "System.Memory.Data": "6.0.0",
          "System.Numerics.Vectors": "4.5.0",
          "System.Text.Encodings.Web": "6.0.0",
          "System.Text.Json": "6.0.10",
          "System.Threading.Tasks.Extensions": "4.5.4"
        }
      },
      "CSharpToJsonSchema": {
        "type": "Transitive",
        "resolved": "3.10.1",
        "contentHash": "d01LmVhNR2XRT5+XWrL8VKL4WKL7EGV9fSjCWRnnikgxq9y8vPj6XVxRPkcqCDruSlsB9mjdOeg5auIq9yjbig==",
        "dependencies": {
          "System.Text.Json": "9.0.0"
        }
      },
      "Microsoft.AI.DirectML": {
        "type": "Transitive",
        "resolved": "1.15.2",
        "contentHash": "FVvIJWnT14L5cTEr8uc40mY2lAdtzcAcgsas4i4HF7EcZMr8RJyLWTCxQj1K7fi7DNykBufQe1K5HDh/oIBz0g=="
      },
      "Microsoft.Bcl.AsyncInterfaces": {
        "type": "Transitive",
        "resolved": "8.0.0",
        "contentHash": "3WA9q9yVqJp222P3x1wYIGDAkpjAku0TMUaaQV22g6L67AI0LdOIrVS7Ht2vJfLHGSPVuqN94vIr15qn+HEkHw=="
      },
      "Microsoft.Bcl.HashCode": {
        "type": "Transitive",
        "resolved": "1.1.1",
        "contentHash": "MalY0Y/uM/LjXtHfX/26l2VtN4LDNZ2OE3aumNOHDLsT4fNYy2hiHXI4CXCqKpNUNm7iJ2brrc4J89UdaL56FA=="
      },
      "Microsoft.Extensions.AI": {
        "type": "Transitive",
        "resolved": "9.0.0-preview.9.24525.1",
        "contentHash": "nAp2OHtwzQQjQjmltvHouowpbBSULi84AWaXbl8RKbJY0sfWvUUMfbaO6xWoQtJYdxdlDcmL/faK90/zRX4ggQ==",
        "dependencies": {
          "Microsoft.Extensions.AI.Abstractions": "9.0.0-preview.9.24525.1",
          "Microsoft.Extensions.Caching.Abstractions": "9.0.0-rc.2.24473.5",
          "Microsoft.Extensions.DependencyInjection.Abstractions": "9.0.0-rc.2.24473.5",
          "Microsoft.Extensions.Logging.Abstractions": "9.0.0-rc.2.24473.5",
          "System.Diagnostics.DiagnosticSource": "9.0.0-rc.2.24473.5",
          "System.Text.Json": "9.0.0-rc.2.24473.5"
        }
      },
      "Microsoft.Extensions.AI.Abstractions": {
        "type": "Transitive",
        "resolved": "9.0.0-preview.9.24556.5",
        "contentHash": "h+sY5wkFV7FCFN4KURGiC2yTwXysLtFCZW/ndx9urCMfRyHt+2Z3YW3NBGjXYbAMCB+BQbkzc2aQ9SLKCCzgVA=="
      },
      "Microsoft.Extensions.AI.Ollama": {
        "type": "Transitive",
        "resolved": "9.0.0-preview.9.24556.5",
        "contentHash": "Wsn1LjuI6Z3opqPHauvNgTAt/oR9GvyLzKxhavh7QP19rLtLhxNo7wtBgIlmOSz2i3DujOx6t6UH1ZqJpAzWEw==",
        "dependencies": {
          "Microsoft.Extensions.AI.Abstractions": "9.0.0-preview.9.24556.5",
          "System.Net.Http.Json": "9.0.0",
          "System.Text.Json": "9.0.0"
        }
      },
      "Microsoft.Extensions.Caching.Abstractions": {
        "type": "Transitive",
        "resolved": "9.0.0-rc.2.24473.5",
        "contentHash": "7HrtHGMfGtyDZaDoM+gODjbljBHhTBCGyvzVlDNoN8jHfwkN/aqNcPE7ulLyU/zwannCVVrYteK2UMMoGjDOJQ==",
        "dependencies": {
          "Microsoft.Extensions.Primitives": "9.0.0-rc.2.24473.5"
        }
      },
      "Microsoft.Extensions.DependencyInjection": {
        "type": "Transitive",
        "resolved": "8.0.1",
        "contentHash": "BmANAnR5Xd4Oqw7yQ75xOAYODybZQRzdeNucg7kS5wWKd2PNnMdYtJ2Vciy0QLylRmv42DGl5+AFL9izA6F1Rw==",
        "dependencies": {
          "Microsoft.Extensions.DependencyInjection.Abstractions": "8.0.2"
        }
      },
      "Microsoft.Extensions.DependencyInjection.Abstractions": {
        "type": "Transitive",
        "resolved": "9.0.0",
        "contentHash": "+6f2qv2a3dLwd5w6JanPIPs47CxRbnk+ZocMJUhv9NxP88VlOcJYZs9jY+MYSjxvady08bUZn6qgiNh7DadGgg=="
      },
      "Microsoft.Extensions.Logging.Abstractions": {
        "type": "Transitive",
        "resolved": "9.0.0-rc.2.24473.5",
        "contentHash": "GFglWb+13UaNAoIN1Pxvlm+/iBblBw0LHTu3dYPVCNTD2cQHM2SORFpb/s+QqKs0iT0SAwC27CnSsCKh3eGH6A==",
        "dependencies": {
          "Microsoft.Extensions.DependencyInjection.Abstractions": "9.0.0-rc.2.24473.5"
        }
      },
      "Microsoft.Extensions.Options": {
        "type": "Transitive",
        "resolved": "9.0.0",
        "contentHash": "y2146b3jrPI3Q0lokKXdKLpmXqakYbDIPDV6r3M8SqvSf45WwOTzkyfDpxnZXJsJQEpAsAqjUq5Pu8RCJMjubg==",
        "dependencies": {
          "Microsoft.Extensions.DependencyInjection.Abstractions": "9.0.0",
          "Microsoft.Extensions.Primitives": "9.0.0"
        }
      },
      "Microsoft.Extensions.Primitives": {
        "type": "Transitive",
        "resolved": "9.0.0",
        "contentHash": "N3qEBzmLMYiASUlKxxFIISP4AiwuPTHF5uCh+2CWSwwzAJiIYx0kBJsS30cp1nvhSySFAVi30jecD307jV+8Kg=="
      },
      "Microsoft.Extensions.VectorData.Abstractions": {
        "type": "Transitive",
        "resolved": "9.0.0-preview.1.24523.1",
        "contentHash": "5TUbyFZN8v2eWQXwF7WyAAHCW+OMdsmEVEWw1N1J7L5xA25UD0BtUXxO1kc8Nzkc6c1YGN/NwarySgiY84ALlg=="
      },
      "Microsoft.ML.OnnxRuntime": {
        "type": "Transitive",
        "resolved": "1.20.0",
        "contentHash": "0vki11cpz/GGe2R3McIEXQTO+5LQdtRGILlaqULnAq/dYxjIMkLIFwj/JyBS0mKr4gEjgr9DNewc1pZmNdcHQQ==",
        "dependencies": {
          "Microsoft.ML.OnnxRuntime.Managed": "1.20.0"
        }
      },
      "Microsoft.ML.OnnxRuntime.DirectML": {
        "type": "Transitive",
        "resolved": "1.20.0",
        "contentHash": "O83kLO41lWqnsxTexf/zEhC9F3E2A6Jg4edesIQjb40WgN1Qz3h59qN5LXtcvmOYd0bUjwplAwAEn8UhTXuR+Q==",
        "dependencies": {
          "Microsoft.AI.DirectML": "1.15.2",
          "Microsoft.ML.OnnxRuntime.Managed": "1.20.0"
        }
      },
      "Microsoft.ML.OnnxRuntime.Extensions": {
        "type": "Transitive",
        "resolved": "0.13.0",
        "contentHash": "J99sOl+oWYVPh4T5D1JZgdUvTcX2bOQtKSG1sOm89UnVLDGtG1E2VHz2oHFJTaGyM8C8PrKnK9McYOll+qJduw=="
      },
      "Microsoft.ML.OnnxRuntime.Extensions.Dummy": {
        "type": "Transitive",
        "resolved": "0.13.0",
        "contentHash": "cWxpmQ1+g6gxxukcf0b2qweSE8Q+vvCbtFsZtAG2kNKgnRA+NKrxQZE/+GL1miAPX1zcc0WlGcMY2NKFV+/mLQ=="
      },
      "Microsoft.ML.OnnxRuntime.Managed": {
        "type": "Transitive",
        "resolved": "1.20.0",
        "contentHash": "oo5zUEnnVFD0vFLAiHqj2ya48nVxhPwonjIT8uT7QXv/oHfDHa0u+o0yUKERVssqPtyt5D5xiBAiHjZintu7tg==",
        "dependencies": {
          "System.Memory": "4.5.5"
        }
      },
      "Microsoft.SemanticKernel.Abstractions": {
        "type": "Transitive",
        "resolved": "1.30.0",
        "contentHash": "JYac6hAUjqenVdfxqgW63/raaBqpk30cScmUg1ibuMY8CD56b1zgQ8pM35dQMY9sbLlWP+SuPNtWAn+gQl19Og==",
        "dependencies": {
          "Microsoft.Bcl.AsyncInterfaces": "8.0.0",
          "Microsoft.Bcl.HashCode": "1.1.1",
          "Microsoft.Extensions.AI.Abstractions": "9.0.0-preview.9.24525.1",
          "Microsoft.Extensions.DependencyInjection.Abstractions": "8.0.2",
          "Microsoft.Extensions.Logging.Abstractions": "8.0.2",
          "Microsoft.Extensions.VectorData.Abstractions": "9.0.0-preview.1.24523.1",
          "System.Diagnostics.DiagnosticSource": "8.0.1",
          "System.Text.Json": "8.0.5"
        }
      },
      "Microsoft.SemanticKernel.Connectors.InMemory": {
        "type": "Transitive",
        "resolved": "1.30.0-preview",
        "contentHash": "7FREMLBbe3RvsUVyXZYnG5NxEnSD61o5LTXxeyz7BrRYlct+KBOk/XzrGFJXUuv96zW8cNSi7oAguePYFZdGWw==",
        "dependencies": {
          "Microsoft.SemanticKernel.Abstractions": "1.30.0",
          "System.Numerics.Tensors": "8.0.0"
        }
      },
      "Microsoft.SemanticKernel.Core": {
        "type": "Transitive",
        "resolved": "1.30.0",
        "contentHash": "RcRF2gXwtnVoeMrmeyL33IudsUAaiLDfQW59D9U+JZ6SwTrPK0Y4sgm47QWtzawzNUnlMLsUh9pKpHm4IAO0tQ==",
        "dependencies": {
          "Microsoft.Extensions.DependencyInjection": "8.0.1",
          "Microsoft.SemanticKernel.Abstractions": "1.30.0",
          "System.Numerics.Tensors": "8.0.0",
          "System.Text.Json": "8.0.5"
        }
      },
      "Newtonsoft.Json": {
        "type": "Transitive",
        "resolved": "13.0.3",
        "contentHash": "HrC5BXdl00IP9zeV+0Z848QWPAoCr9P3bDEZguI+gkLcBKAOxix/tLEAAHC+UvDNPv4a2d18lOReHMOagPa+zQ=="
      },
      "OllamaSharp": {
        "type": "Transitive",
        "resolved": "4.0.6",
        "contentHash": "QdJtjNyq7moKTm8NSG1IiLRvF/XKpbONdtsa//IyCnk07PXcSRI+rG3OguTnRWWs5hsq45SDQeRWtZocqrCaQg==",
        "dependencies": {
          "Microsoft.Bcl.AsyncInterfaces": "8.0.0",
          "Microsoft.Extensions.AI.Abstractions": "9.0.0-preview.9.24525.1"
        }
      },
      "OpenAI": {
        "type": "Transitive",
        "resolved": "2.1.0-beta.2",
        "contentHash": "l+fZAS9XnCxnxGodYFPziMNF9u0ZBfOGEyOuryXnjkcPe+Z4g/ErEvGYyq559V+Q9C8J87eQ0lfq5KtwSk6ppw==",
        "dependencies": {
          "System.ClientModel": "1.2.1",
          "System.Diagnostics.DiagnosticSource": "6.0.1"
        }
      },
      "SixLabors.ImageSharp": {
        "type": "Transitive",
        "resolved": "3.1.6",
        "contentHash": "dHQ5jugF9v+5/LCVHCWVzaaIL6WOehqJy6eju/0VFYFPEj2WtqkGPoEV9EVQP83dHsdoqYaTuWpZdwAd37UwfA=="
      },
      "System.ClientModel": {
        "type": "Transitive",
        "resolved": "1.2.1",
        "contentHash": "s9+M5El+DXdCRRLzxak8uGBKWT8H/eIssGpFtpaMKdJULrQbBDPH/zFbVyHX+NDczhS5EvjHFbBH9/L+0UhmcA==",
        "dependencies": {
          "System.Memory.Data": "6.0.0",
          "System.Text.Json": "6.0.10"
        }
      },
      "System.Diagnostics.DiagnosticSource": {
        "type": "Transitive",
        "resolved": "9.0.0-rc.2.24473.5",
        "contentHash": "1trPm7zM4c15wMJVMV67XbYhA96wIIuBsEunorYRSrgKbFBZeG6gEGwiKy53SFJBpzq6oy+2kYckPaBzsK5p8w=="
      },
      "System.Memory": {
        "type": "Transitive",
        "resolved": "4.5.5",
        "contentHash": "XIWiDvKPXaTveaB7HVganDlOCRoj03l+jrwNvcge/t8vhGYKvqV+dMv6G4SAX2NoNmN0wZfVPTAlFwZcZvVOUw=="
      },
      "System.Memory.Data": {
        "type": "Transitive",
        "resolved": "6.0.0",
        "contentHash": "ntFHArH3I4Lpjf5m4DCXQHJuGwWPNVJPaAvM95Jy/u+2Yzt2ryiyIN04LAogkjP9DeRcEOiviAjQotfmPq/FrQ==",
        "dependencies": {
          "System.Text.Json": "6.0.0"
        }
      },
      "System.Net.Http.Json": {
        "type": "Transitive",
        "resolved": "9.0.0",
        "contentHash": "e8s0BFOwHaFTqz6wi3l+9tm0SuKOUs5wiahHTjnAabF9n1+0NuZeG/vOLo2vSfUp+DlIChaRfnAiOFkRpHN/ew=="
      },
      "System.Numerics.Tensors": {
        "type": "Transitive",
        "resolved": "9.0.0",
        "contentHash": "hyJB4UlpAi19Xr9AXzu2NuagKC4lPfHObNMEAA0HmqFz2rX7wKgzeYzO/jM/eBHDhnUGFFEjk5cOoJaxqg5J4A=="
      },
      "System.Numerics.Vectors": {
        "type": "Transitive",
        "resolved": "4.5.0",
        "contentHash": "QQTlPTl06J/iiDbJCiepZ4H//BVraReU4O4EoRw1U02H5TLUIT7xn3GnDp9AXPSlJUDyFs4uWjWafNX6WrAojQ=="
      },
      "System.Runtime.CompilerServices.Unsafe": {
        "type": "Transitive",
        "resolved": "6.0.0",
        "contentHash": "/iUeP3tq1S0XdNNoMz5C9twLSrM/TH+qElHkXWaPvuNOt+99G75NrV0OS2EqHx5wMN7popYjpc8oTjC1y16DLg=="
      },
      "System.Text.Encodings.Web": {
        "type": "Transitive",
        "resolved": "6.0.0",
        "contentHash": "Vg8eB5Tawm1IFqj4TVK1czJX89rhFxJo9ELqc/Eiq0eXy13RK00eubyU6TJE6y+GQXjyV5gSfiewDUZjQgSE0w==",
        "dependencies": {
          "System.Runtime.CompilerServices.Unsafe": "6.0.0"
        }
      },
      "System.Text.Json": {
        "type": "Transitive",
        "resolved": "9.0.0",
        "contentHash": "js7+qAu/9mQvnhA4EfGMZNEzXtJCDxgkgj8ohuxq/Qxv+R56G+ljefhiJHOxTNiw54q8vmABCWUwkMulNdlZ4A=="
      },
      "System.Threading.Tasks.Extensions": {
        "type": "Transitive",
        "resolved": "4.5.4",
        "contentHash": "zteT+G8xuGu6mS+mzDzYXbzS7rd3K6Fjb9RiZlYlJPam2/hU7JCBZBVEcywNuR+oZ1ncTvc/cq0faRr3P01OVg=="
      },
      "brainnet": {
        "type": "Project",
        "dependencies": {
          "Microsoft.Extensions.AI.Ollama": "[9.0.0-preview.9.24556.5, )",
          "Microsoft.Extensions.Options": "[9.0.0, )",
          "Microsoft.Extensions.VectorData.Abstractions": "[9.0.0-preview.1.24523.1, )",
          "Microsoft.ML.OnnxRuntime": "[1.20.0, )",
          "Microsoft.ML.OnnxRuntime.DirectML": "[1.20.0, )",
          "Microsoft.ML.OnnxRuntime.Extensions": "[0.13.0, )",
          "Microsoft.ML.OnnxRuntime.Extensions.Dummy": "[0.13.0, )",
          "Microsoft.SemanticKernel.Connectors.InMemory": "[1.30.0-preview, )",
          "Microsoft.SemanticKernel.Connectors.Ollama": "[1.30.0-alpha, )",
          "Newtonsoft.Json": "[13.0.3, )",
          "SixLabors.ImageSharp": "[3.1.6, )",
          "System.Numerics.Tensors": "[9.0.0, )"
        }
      }
    }
  }
}