{
  "version": 1,
  "dependencies": {
    "net9.0": {
      "Ollama": {
        "type": "Direct",
        "requested": "[1.12.0, )",
        "resolved": "1.12.0",
        "contentHash": "YVQZLgrnljqEfMNjMO+lykOlKt6ffWUBANAwjZoKxV+xmSk4C66XP9ZR3YBCifUSioqqiVGRgtmp/CuLPa1D3w==",
        "dependencies": {
          "CSharpToJsonSchema": "3.9.1",
          "System.Text.Json": "9.0.0-rc.2.24473.5"
        }
      },
      "CSharpToJsonSchema": {
        "type": "Transitive",
        "resolved": "3.9.1",
        "contentHash": "8thddOQxXepA/8bUInWDoo7BGBP0ENll7glvsghO2zZdVfCAsRNRrI3bbLlnYkhmSP4oWHzo5569W0UOHv4F6A==",
        "dependencies": {
          "System.Text.Json": "9.0.0-rc.1.24431.7"
        }
      },
      "Microsoft.AI.DirectML": {
        "type": "Transitive",
        "resolved": "1.15.2",
        "contentHash": "FVvIJWnT14L5cTEr8uc40mY2lAdtzcAcgsas4i4HF7EcZMr8RJyLWTCxQj1K7fi7DNykBufQe1K5HDh/oIBz0g=="
      },
      "Microsoft.Bcl.AsyncInterfaces": {
        "type": "Transitive",
        "resolved": "8.0.0",
        "contentHash": "3WA9q9yVqJp222P3x1wYIGDAkpjAku0TMUaaQV22g6L67AI0LdOIrVS7Ht2vJfLHGSPVuqN94vIr15qn+HEkHw=="
      },
      "Microsoft.Bcl.HashCode": {
        "type": "Transitive",
        "resolved": "1.1.1",
        "contentHash": "MalY0Y/uM/LjXtHfX/26l2VtN4LDNZ2OE3aumNOHDLsT4fNYy2hiHXI4CXCqKpNUNm7iJ2brrc4J89UdaL56FA=="
      },
      "Microsoft.Extensions.AI.Abstractions": {
        "type": "Transitive",
        "resolved": "9.0.0-preview.9.24525.1",
        "contentHash": "b5EntLa7aYjui129KSWQRZpXgUNn6l5G9OYQwVFlDXPiADMcmMEJCveD3BDBDxSbt1jkhIYs0eGuYKM0mXVkFw=="
      },
      "Microsoft.Extensions.AI.Ollama": {
        "type": "Transitive",
        "resolved": "9.0.0-preview.9.24525.1",
        "contentHash": "S8D108kwoMNdQt0ujYqUH/thdS7xwqXyKXCr0owV8ZbkB+yPQMHdwM7PR04TfGQ0LlEYrpSGAvkgA+oOw6f8kw==",
        "dependencies": {
          "Microsoft.Extensions.AI.Abstractions": "9.0.0-preview.9.24525.1",
          "System.Net.Http.Json": "9.0.0-rc.2.24473.5",
          "System.Text.Json": "9.0.0-rc.2.24473.5"
        }
      },
      "Microsoft.Extensions.DependencyInjection.Abstractions": {
        "type": "Transitive",
        "resolved": "9.0.0",
        "contentHash": "+6f2qv2a3dLwd5w6JanPIPs47CxRbnk+ZocMJUhv9NxP88VlOcJYZs9jY+MYSjxvady08bUZn6qgiNh7DadGgg=="
      },
      "Microsoft.Extensions.Logging.Abstractions": {
        "type": "Transitive",
        "resolved": "8.0.2",
        "contentHash": "nroMDjS7hNBPtkZqVBbSiQaQjWRDxITI8Y7XnDs97rqG3EbzVTNLZQf7bIeUJcaHOV8bca47s1Uxq94+2oGdxA==",
        "dependencies": {
          "Microsoft.Extensions.DependencyInjection.Abstractions": "8.0.2"
        }
      },
      "Microsoft.Extensions.Options": {
        "type": "Transitive",
        "resolved": "9.0.0",
        "contentHash": "y2146b3jrPI3Q0lokKXdKLpmXqakYbDIPDV6r3M8SqvSf45WwOTzkyfDpxnZXJsJQEpAsAqjUq5Pu8RCJMjubg==",
        "dependencies": {
          "Microsoft.Extensions.DependencyInjection.Abstractions": "9.0.0",
          "Microsoft.Extensions.Primitives": "9.0.0"
        }
      },
      "Microsoft.Extensions.Primitives": {
        "type": "Transitive",
        "resolved": "9.0.0",
        "contentHash": "N3qEBzmLMYiASUlKxxFIISP4AiwuPTHF5uCh+2CWSwwzAJiIYx0kBJsS30cp1nvhSySFAVi30jecD307jV+8Kg=="
      },
      "Microsoft.Extensions.VectorData.Abstractions": {
        "type": "Transitive",
        "resolved": "9.0.0-preview.1.24523.1",
        "contentHash": "5TUbyFZN8v2eWQXwF7WyAAHCW+OMdsmEVEWw1N1J7L5xA25UD0BtUXxO1kc8Nzkc6c1YGN/NwarySgiY84ALlg=="
      },
      "Microsoft.ML.OnnxRuntime": {
        "type": "Transitive",
        "resolved": "1.20.0",
        "contentHash": "0vki11cpz/GGe2R3McIEXQTO+5LQdtRGILlaqULnAq/dYxjIMkLIFwj/JyBS0mKr4gEjgr9DNewc1pZmNdcHQQ==",
        "dependencies": {
          "Microsoft.ML.OnnxRuntime.Managed": "1.20.0"
        }
      },
      "Microsoft.ML.OnnxRuntime.DirectML": {
        "type": "Transitive",
        "resolved": "1.20.0",
        "contentHash": "O83kLO41lWqnsxTexf/zEhC9F3E2A6Jg4edesIQjb40WgN1Qz3h59qN5LXtcvmOYd0bUjwplAwAEn8UhTXuR+Q==",
        "dependencies": {
          "Microsoft.AI.DirectML": "1.15.2",
          "Microsoft.ML.OnnxRuntime.Managed": "1.20.0"
        }
      },
      "Microsoft.ML.OnnxRuntime.Extensions": {
        "type": "Transitive",
        "resolved": "0.13.0",
        "contentHash": "J99sOl+oWYVPh4T5D1JZgdUvTcX2bOQtKSG1sOm89UnVLDGtG1E2VHz2oHFJTaGyM8C8PrKnK9McYOll+qJduw=="
      },
      "Microsoft.ML.OnnxRuntime.Extensions.Dummy": {
        "type": "Transitive",
        "resolved": "0.13.0",
        "contentHash": "cWxpmQ1+g6gxxukcf0b2qweSE8Q+vvCbtFsZtAG2kNKgnRA+NKrxQZE/+GL1miAPX1zcc0WlGcMY2NKFV+/mLQ=="
      },
      "Microsoft.ML.OnnxRuntime.Managed": {
        "type": "Transitive",
        "resolved": "1.20.0",
        "contentHash": "oo5zUEnnVFD0vFLAiHqj2ya48nVxhPwonjIT8uT7QXv/oHfDHa0u+o0yUKERVssqPtyt5D5xiBAiHjZintu7tg==",
        "dependencies": {
          "System.Memory": "4.5.5"
        }
      },
      "Microsoft.SemanticKernel.Abstractions": {
        "type": "Transitive",
        "resolved": "1.27.0",
        "contentHash": "9cqMUjAyjzWt4HcSVND7oOyXymhFZgcs6aBpRb9A47IjGJraclTfYBLb+eyNiCYUMxPAn25s9ArwZMiDip8EFg==",
        "dependencies": {
          "Microsoft.Bcl.AsyncInterfaces": "8.0.0",
          "Microsoft.Bcl.HashCode": "1.1.1",
          "Microsoft.Extensions.AI.Abstractions": "9.0.0-preview.9.24525.1",
          "Microsoft.Extensions.DependencyInjection.Abstractions": "8.0.2",
          "Microsoft.Extensions.Logging.Abstractions": "8.0.2",
          "Microsoft.Extensions.VectorData.Abstractions": "9.0.0-preview.1.24523.1",
          "System.Diagnostics.DiagnosticSource": "8.0.1",
          "System.Text.Json": "8.0.5"
        }
      },
      "Microsoft.SemanticKernel.Connectors.InMemory": {
        "type": "Transitive",
        "resolved": "1.27.0-preview",
        "contentHash": "qKA3Z5JQb9kvGuNs6dnA0rLHws9ImVNCQ/53ue1fhtoPPncj88MH/MOoZw5NbatfhZtnzZNsEHjzHGTcPcr73g==",
        "dependencies": {
          "Microsoft.SemanticKernel.Abstractions": "1.27.0",
          "System.Numerics.Tensors": "8.0.0"
        }
      },
      "Newtonsoft.Json": {
        "type": "Transitive",
        "resolved": "13.0.3",
        "contentHash": "HrC5BXdl00IP9zeV+0Z848QWPAoCr9P3bDEZguI+gkLcBKAOxix/tLEAAHC+UvDNPv4a2d18lOReHMOagPa+zQ=="
      },
      "SixLabors.ImageSharp": {
        "type": "Transitive",
        "resolved": "3.1.5",
        "contentHash": "lNtlq7dSI/QEbYey+A0xn48z5w4XHSffF8222cC4F4YwTXfEImuiBavQcWjr49LThT/pRmtWJRcqA/PlL+eJ6g=="
      },
      "System.Diagnostics.DiagnosticSource": {
        "type": "Transitive",
        "resolved": "8.0.1",
        "contentHash": "vaoWjvkG1aenR2XdjaVivlCV9fADfgyhW5bZtXT23qaEea0lWiUljdQuze4E31vKM7ZWJaSUsbYIKE3rnzfZUg=="
      },
      "System.Memory": {
        "type": "Transitive",
        "resolved": "4.5.5",
        "contentHash": "XIWiDvKPXaTveaB7HVganDlOCRoj03l+jrwNvcge/t8vhGYKvqV+dMv6G4SAX2NoNmN0wZfVPTAlFwZcZvVOUw=="
      },
      "System.Net.Http.Json": {
        "type": "Transitive",
        "resolved": "9.0.0-rc.2.24473.5",
        "contentHash": "XTvpvV/p/HBZKWcvINHb0O02g8DwuAyzFqqb6vtqqeKVdydpZfleo2g/SOwuZn22n90fWmJxmktLxiyDxP7Gfg=="
      },
      "System.Numerics.Tensors": {
        "type": "Transitive",
        "resolved": "9.0.0",
        "contentHash": "hyJB4UlpAi19Xr9AXzu2NuagKC4lPfHObNMEAA0HmqFz2rX7wKgzeYzO/jM/eBHDhnUGFFEjk5cOoJaxqg5J4A=="
      },
      "System.Text.Json": {
        "type": "Transitive",
        "resolved": "9.0.0-rc.2.24473.5",
        "contentHash": "IsQCD+zBcFhteX7fUrS4cU/GvfLPy8F4oLtC9VBcF1U1qu1gZB/zlAxW8G0kqmAiXI84/gowZtcX1MjLk2QWoQ=="
      },
      "brainnet": {
        "type": "Project",
        "dependencies": {
          "Microsoft.Extensions.AI.Ollama": "[9.0.0-preview.9.24525.1, )",
          "Microsoft.Extensions.Options": "[9.0.0, )",
          "Microsoft.Extensions.VectorData.Abstractions": "[9.0.0-preview.1.24523.1, )",
          "Microsoft.ML.OnnxRuntime": "[1.20.0, )",
          "Microsoft.ML.OnnxRuntime.DirectML": "[1.20.0, )",
          "Microsoft.ML.OnnxRuntime.Extensions": "[0.13.0, )",
          "Microsoft.ML.OnnxRuntime.Extensions.Dummy": "[0.13.0, )",
          "Microsoft.SemanticKernel.Connectors.InMemory": "[1.27.0-preview, )",
          "Newtonsoft.Json": "[13.0.3, )",
          "SixLabors.ImageSharp": "[3.1.5, )",
          "System.Numerics.Tensors": "[9.0.0, )"
        }
      }
    }
  }
}